// !$*UTF8*$!
{
	archiveVersion = 1;
	classes = {
	};
	objectVersion = 51;
	objects = {

/* Begin PBXBuildFile section */
		480ACE62271809DB00438021 /* WJCanvasItemModel.m in Sources */ = {isa = PBXBuildFile; fileRef = 480ACE61271809DB00438021 /* WJCanvasItemModel.m */; };
		480ACE662718145C00438021 /* 123.png in Resources */ = {isa = PBXBuildFile; fileRef = 480ACE652718145B00438021 /* 123.png */; };
		482AA46A26EB3F65007BEC88 /* AppDelegate.m in Sources */ = {isa = PBXBuildFile; fileRef = 482AA46926EB3F65007BEC88 /* AppDelegate.m */; };
		482AA46D26EB3F65007BEC88 /* SceneDelegate.m in Sources */ = {isa = PBXBuildFile; fileRef = 482AA46C26EB3F65007BEC88 /* SceneDelegate.m */; };
		482AA47026EB3F65007BEC88 /* ViewController.m in Sources */ = {isa = PBXBuildFile; fileRef = 482AA46F26EB3F65007BEC88 /* ViewController.m */; };
		482AA47326EB3F65007BEC88 /* Main.storyboard in Resources */ = {isa = PBXBuildFile; fileRef = 482AA47126EB3F65007BEC88 /* Main.storyboard */; };
		482AA47526EB3F68007BEC88 /* Assets.xcassets in Resources */ = {isa = PBXBuildFile; fileRef = 482AA47426EB3F68007BEC88 /* Assets.xcassets */; };
		482AA47826EB3F68007BEC88 /* LaunchScreen.storyboard in Resources */ = {isa = PBXBuildFile; fileRef = 482AA47626EB3F68007BEC88 /* LaunchScreen.storyboard */; };
		482AA47B26EB3F68007BEC88 /* main.m in Sources */ = {isa = PBXBuildFile; fileRef = 482AA47A26EB3F68007BEC88 /* main.m */; };
		483D78A827168FD100431488 /* WJExtImageFileController.m in Sources */ = {isa = PBXBuildFile; fileRef = 483D78A727168FD000431488 /* WJExtImageFileController.m */; };
		483D78AC2716AA0C00431488 /* WJExtImageFileCell.m in Sources */ = {isa = PBXBuildFile; fileRef = 483D78AB2716AA0C00431488 /* WJExtImageFileCell.m */; };
		483D78CF2716C89C00431488 /* WJEditImageListController.m in Sources */ = {isa = PBXBuildFile; fileRef = 483D78CE2716C89C00431488 /* WJEditImageListController.m */; };
		483D78D22716CA8800431488 /* edit_save.png in Resources */ = {isa = PBXBuildFile; fileRef = 483D78D12716CA8800431488 /* edit_save.png */; };
		483D78DA2716D42E00431488 /* UITextView+CMInputView.m in Sources */ = {isa = PBXBuildFile; fileRef = 483D78D92716D42D00431488 /* UITextView+CMInputView.m */; };
		483D78E42716DA7500431488 /* WJEditImageInfoController.m in Sources */ = {isa = PBXBuildFile; fileRef = 483D78E22716DA7500431488 /* WJEditImageInfoController.m */; };
		483D78E52716DA7500431488 /* WJEditImageInfoController.xib in Resources */ = {isa = PBXBuildFile; fileRef = 483D78E32716DA7500431488 /* WJEditImageInfoController.xib */; };
		484A988C26F0720400AA79D7 /* WJSpiderManager.m in Sources */ = {isa = PBXBuildFile; fileRef = 484A988B26F0720400AA79D7 /* WJSpiderManager.m */; };
		484A989026F079DD00AA79D7 /* UIImage+WJExt.m in Sources */ = {isa = PBXBuildFile; fileRef = 484A988F26F079DD00AA79D7 /* UIImage+WJExt.m */; };
		484A989426F07FBA00AA79D7 /* WJFileManager.m in Sources */ = {isa = PBXBuildFile; fileRef = 484A989326F07FBA00AA79D7 /* WJFileManager.m */; };
		48788ABC26F593DD006FD072 /* FileListController.m in Sources */ = {isa = PBXBuildFile; fileRef = 48788ABA26F593DD006FD072 /* FileListController.m */; };
		48788ABD26F593DD006FD072 /* FileListController.xib in Resources */ = {isa = PBXBuildFile; fileRef = 48788ABB26F593DD006FD072 /* FileListController.xib */; };
		48788AC126F5B92F006FD072 /* FileListCell.m in Sources */ = {isa = PBXBuildFile; fileRef = 48788AC026F5B92F006FD072 /* FileListCell.m */; };
		48788AC526F5B957006FD072 /* FileListModel.m in Sources */ = {isa = PBXBuildFile; fileRef = 48788AC426F5B957006FD072 /* FileListModel.m */; };
		48788ACB26F5C193006FD072 /* MainTableViewController.m in Sources */ = {isa = PBXBuildFile; fileRef = 48788ACA26F5C193006FD072 /* MainTableViewController.m */; };
		4899FBE8270591EB006F7F2E /* FileGroupController.m in Sources */ = {isa = PBXBuildFile; fileRef = 4899FBE6270591EB006F7F2E /* FileGroupController.m */; };
		4899FBE9270591EB006F7F2E /* FileGroupController.xib in Resources */ = {isa = PBXBuildFile; fileRef = 4899FBE7270591EB006F7F2E /* FileGroupController.xib */; };
		4899FC1A2705AF61006F7F2E /* WebParseController.m in Sources */ = {isa = PBXBuildFile; fileRef = 4899FC182705AF61006F7F2E /* WebParseController.m */; };
		4899FC1B2705AF61006F7F2E /* WebParseController.xib in Resources */ = {isa = PBXBuildFile; fileRef = 4899FC192705AF61006F7F2E /* WebParseController.xib */; };
		48B660DE26F718CB002A8537 /* DownImageController.m in Sources */ = {isa = PBXBuildFile; fileRef = 48B660DC26F718CA002A8537 /* DownImageController.m */; };
		48B660DF26F718CB002A8537 /* DownImageController.xib in Resources */ = {isa = PBXBuildFile; fileRef = 48B660DD26F718CA002A8537 /* DownImageController.xib */; };
		48E1C71C27153EB700C24E0C /* WJCanvasItemView.m in Sources */ = {isa = PBXBuildFile; fileRef = 48E1C71A27153EB700C24E0C /* WJCanvasItemView.m */; };
		48E1C72027153F2900C24E0C /* WJCanvasController.m in Sources */ = {isa = PBXBuildFile; fileRef = 48E1C71F27153F2900C24E0C /* WJCanvasController.m */; };
		48E1C72A27153FEA00C24E0C /* Enlarge.png in Resources */ = {isa = PBXBuildFile; fileRef = 48E1C72227153FEA00C24E0C /* Enlarge.png */; };
		48E1C72B27153FEA00C24E0C /* Enlarge@2x.png in Resources */ = {isa = PBXBuildFile; fileRef = 48E1C72327153FEA00C24E0C /* Enlarge@2x.png */; };
		48E1C72C27153FEA00C24E0C /* Close@2x.png in Resources */ = {isa = PBXBuildFile; fileRef = 48E1C72427153FEA00C24E0C /* Close@2x.png */; };
		48E1C72D27153FEA00C24E0C /* Enlarge@3x.png in Resources */ = {isa = PBXBuildFile; fileRef = 48E1C72527153FEA00C24E0C /* Enlarge@3x.png */; };
		48E1C72E27153FEA00C24E0C /* Close.png in Resources */ = {isa = PBXBuildFile; fileRef = 48E1C72627153FEA00C24E0C /* Close.png */; };
		48E1C72F27153FEB00C24E0C /* b.png in Resources */ = {isa = PBXBuildFile; fileRef = 48E1C72727153FEA00C24E0C /* b.png */; };
		48E1C73027153FEB00C24E0C /* a.png in Resources */ = {isa = PBXBuildFile; fileRef = 48E1C72827153FEA00C24E0C /* a.png */; };
		48E1C73127153FEB00C24E0C /* Close@3x.png in Resources */ = {isa = PBXBuildFile; fileRef = 48E1C72927153FEA00C24E0C /* Close@3x.png */; };
		84FF85E498A7F3E0851A6153 /* libPods-testAAA.a in Frameworks */ = {isa = PBXBuildFile; fileRef = 6499DA29032B83F5042D6C78 /* libPods-testAAA.a */; };
/* End PBXBuildFile section */

/* Begin PBXFileReference section */
		480ACE60271809DB00438021 /* WJCanvasItemModel.h */ = {isa = PBXFileReference; lastKnownFileType = sourcecode.c.h; path = WJCanvasItemModel.h; sourceTree = "<group>"; };
		480ACE61271809DB00438021 /* WJCanvasItemModel.m */ = {isa = PBXFileReference; lastKnownFileType = sourcecode.c.objc; path = WJCanvasItemModel.m; sourceTree = "<group>"; };
		480ACE652718145B00438021 /* 123.png */ = {isa = PBXFileReference; lastKnownFileType = image.png; path = 123.png; sourceTree = "<group>"; };
		482AA46526EB3F65007BEC88 /* testAAA.app */ = {isa = PBXFileReference; explicitFileType = wrapper.application; includeInIndex = 0; path = testAAA.app; sourceTree = BUILT_PRODUCTS_DIR; };
		482AA46826EB3F65007BEC88 /* AppDelegate.h */ = {isa = PBXFileReference; lastKnownFileType = sourcecode.c.h; path = AppDelegate.h; sourceTree = "<group>"; };
		482AA46926EB3F65007BEC88 /* AppDelegate.m */ = {isa = PBXFileReference; lastKnownFileType = sourcecode.c.objc; path = AppDelegate.m; sourceTree = "<group>"; };
		482AA46B26EB3F65007BEC88 /* SceneDelegate.h */ = {isa = PBXFileReference; lastKnownFileType = sourcecode.c.h; path = SceneDelegate.h; sourceTree = "<group>"; };
		482AA46C26EB3F65007BEC88 /* SceneDelegate.m */ = {isa = PBXFileReference; lastKnownFileType = sourcecode.c.objc; path = SceneDelegate.m; sourceTree = "<group>"; };
		482AA46E26EB3F65007BEC88 /* ViewController.h */ = {isa = PBXFileReference; lastKnownFileType = sourcecode.c.h; path = ViewController.h; sourceTree = "<group>"; };
		482AA46F26EB3F65007BEC88 /* ViewController.m */ = {isa = PBXFileReference; lastKnownFileType = sourcecode.c.objc; path = ViewController.m; sourceTree = "<group>"; };
		482AA47226EB3F65007BEC88 /* Base */ = {isa = PBXFileReference; lastKnownFileType = file.storyboard; name = Base; path = Base.lproj/Main.storyboard; sourceTree = "<group>"; };
		482AA47426EB3F68007BEC88 /* Assets.xcassets */ = {isa = PBXFileReference; lastKnownFileType = folder.assetcatalog; path = Assets.xcassets; sourceTree = "<group>"; };
		482AA47726EB3F68007BEC88 /* Base */ = {isa = PBXFileReference; lastKnownFileType = file.storyboard; name = Base; path = Base.lproj/LaunchScreen.storyboard; sourceTree = "<group>"; };
		482AA47926EB3F68007BEC88 /* Info.plist */ = {isa = PBXFileReference; lastKnownFileType = text.plist.xml; path = Info.plist; sourceTree = "<group>"; };
		482AA47A26EB3F68007BEC88 /* main.m */ = {isa = PBXFileReference; lastKnownFileType = sourcecode.c.objc; path = main.m; sourceTree = "<group>"; };
		482AA48226EB3F89007BEC88 /* testAAA.entitlements */ = {isa = PBXFileReference; lastKnownFileType = text.plist.entitlements; path = testAAA.entitlements; sourceTree = "<group>"; };
		483D78A627168FD000431488 /* WJExtImageFileController.h */ = {isa = PBXFileReference; lastKnownFileType = sourcecode.c.h; path = WJExtImageFileController.h; sourceTree = "<group>"; };
		483D78A727168FD000431488 /* WJExtImageFileController.m */ = {isa = PBXFileReference; lastKnownFileType = sourcecode.c.objc; path = WJExtImageFileController.m; sourceTree = "<group>"; };
		483D78AA2716AA0C00431488 /* WJExtImageFileCell.h */ = {isa = PBXFileReference; lastKnownFileType = sourcecode.c.h; path = WJExtImageFileCell.h; sourceTree = "<group>"; };
		483D78AB2716AA0C00431488 /* WJExtImageFileCell.m */ = {isa = PBXFileReference; lastKnownFileType = sourcecode.c.objc; path = WJExtImageFileCell.m; sourceTree = "<group>"; };
		483D78CD2716C89C00431488 /* WJEditImageListController.h */ = {isa = PBXFileReference; lastKnownFileType = sourcecode.c.h; path = WJEditImageListController.h; sourceTree = "<group>"; };
		483D78CE2716C89C00431488 /* WJEditImageListController.m */ = {isa = PBXFileReference; lastKnownFileType = sourcecode.c.objc; path = WJEditImageListController.m; sourceTree = "<group>"; };
		483D78D12716CA8800431488 /* edit_save.png */ = {isa = PBXFileReference; lastKnownFileType = image.png; path = edit_save.png; sourceTree = "<group>"; };
		483D78D82716D42D00431488 /* UITextView+CMInputView.h */ = {isa = PBXFileReference; fileEncoding = 4; lastKnownFileType = sourcecode.c.h; path = "UITextView+CMInputView.h"; sourceTree = "<group>"; };
		483D78D92716D42D00431488 /* UITextView+CMInputView.m */ = {isa = PBXFileReference; fileEncoding = 4; lastKnownFileType = sourcecode.c.objc; path = "UITextView+CMInputView.m"; sourceTree = "<group>"; };
		483D78E12716DA7500431488 /* WJEditImageInfoController.h */ = {isa = PBXFileReference; lastKnownFileType = sourcecode.c.h; path = WJEditImageInfoController.h; sourceTree = "<group>"; };
		483D78E22716DA7500431488 /* WJEditImageInfoController.m */ = {isa = PBXFileReference; lastKnownFileType = sourcecode.c.objc; path = WJEditImageInfoController.m; sourceTree = "<group>"; };
		483D78E32716DA7500431488 /* WJEditImageInfoController.xib */ = {isa = PBXFileReference; lastKnownFileType = file.xib; path = WJEditImageInfoController.xib; sourceTree = "<group>"; };
		484A988A26F0720400AA79D7 /* WJSpiderManager.h */ = {isa = PBXFileReference; lastKnownFileType = sourcecode.c.h; path = WJSpiderManager.h; sourceTree = "<group>"; };
		484A988B26F0720400AA79D7 /* WJSpiderManager.m */ = {isa = PBXFileReference; lastKnownFileType = sourcecode.c.objc; path = WJSpiderManager.m; sourceTree = "<group>"; };
		484A988E26F079DD00AA79D7 /* UIImage+WJExt.h */ = {isa = PBXFileReference; lastKnownFileType = sourcecode.c.h; path = "UIImage+WJExt.h"; sourceTree = "<group>"; };
		484A988F26F079DD00AA79D7 /* UIImage+WJExt.m */ = {isa = PBXFileReference; lastKnownFileType = sourcecode.c.objc; path = "UIImage+WJExt.m"; sourceTree = "<group>"; };
		484A989226F07FBA00AA79D7 /* WJFileManager.h */ = {isa = PBXFileReference; lastKnownFileType = sourcecode.c.h; path = WJFileManager.h; sourceTree = "<group>"; };
		484A989326F07FBA00AA79D7 /* WJFileManager.m */ = {isa = PBXFileReference; lastKnownFileType = sourcecode.c.objc; path = WJFileManager.m; sourceTree = "<group>"; };
		48788AB926F593DD006FD072 /* FileListController.h */ = {isa = PBXFileReference; lastKnownFileType = sourcecode.c.h; path = FileListController.h; sourceTree = "<group>"; };
		48788ABA26F593DD006FD072 /* FileListController.m */ = {isa = PBXFileReference; lastKnownFileType = sourcecode.c.objc; path = FileListController.m; sourceTree = "<group>"; };
		48788ABB26F593DD006FD072 /* FileListController.xib */ = {isa = PBXFileReference; lastKnownFileType = file.xib; path = FileListController.xib; sourceTree = "<group>"; };
		48788ABF26F5B92F006FD072 /* FileListCell.h */ = {isa = PBXFileReference; lastKnownFileType = sourcecode.c.h; path = FileListCell.h; sourceTree = "<group>"; };
		48788AC026F5B92F006FD072 /* FileListCell.m */ = {isa = PBXFileReference; lastKnownFileType = sourcecode.c.objc; path = FileListCell.m; sourceTree = "<group>"; };
		48788AC326F5B957006FD072 /* FileListModel.h */ = {isa = PBXFileReference; lastKnownFileType = sourcecode.c.h; path = FileListModel.h; sourceTree = "<group>"; };
		48788AC426F5B957006FD072 /* FileListModel.m */ = {isa = PBXFileReference; lastKnownFileType = sourcecode.c.objc; path = FileListModel.m; sourceTree = "<group>"; };
		48788AC926F5C193006FD072 /* MainTableViewController.h */ = {isa = PBXFileReference; lastKnownFileType = sourcecode.c.h; path = MainTableViewController.h; sourceTree = "<group>"; };
		48788ACA26F5C193006FD072 /* MainTableViewController.m */ = {isa = PBXFileReference; lastKnownFileType = sourcecode.c.objc; path = MainTableViewController.m; sourceTree = "<group>"; };
		4899FBE5270591EB006F7F2E /* FileGroupController.h */ = {isa = PBXFileReference; lastKnownFileType = sourcecode.c.h; path = FileGroupController.h; sourceTree = "<group>"; };
		4899FBE6270591EB006F7F2E /* FileGroupController.m */ = {isa = PBXFileReference; lastKnownFileType = sourcecode.c.objc; path = FileGroupController.m; sourceTree = "<group>"; };
		4899FBE7270591EB006F7F2E /* FileGroupController.xib */ = {isa = PBXFileReference; lastKnownFileType = file.xib; path = FileGroupController.xib; sourceTree = "<group>"; };
		4899FC172705AF61006F7F2E /* WebParseController.h */ = {isa = PBXFileReference; lastKnownFileType = sourcecode.c.h; path = WebParseController.h; sourceTree = "<group>"; };
		4899FC182705AF61006F7F2E /* WebParseController.m */ = {isa = PBXFileReference; lastKnownFileType = sourcecode.c.objc; path = WebParseController.m; sourceTree = "<group>"; };
		4899FC192705AF61006F7F2E /* WebParseController.xib */ = {isa = PBXFileReference; lastKnownFileType = file.xib; path = WebParseController.xib; sourceTree = "<group>"; };
		48B660DB26F718CA002A8537 /* DownImageController.h */ = {isa = PBXFileReference; lastKnownFileType = sourcecode.c.h; path = DownImageController.h; sourceTree = "<group>"; };
		48B660DC26F718CA002A8537 /* DownImageController.m */ = {isa = PBXFileReference; lastKnownFileType = sourcecode.c.objc; path = DownImageController.m; sourceTree = "<group>"; };
		48B660DD26F718CA002A8537 /* DownImageController.xib */ = {isa = PBXFileReference; lastKnownFileType = file.xib; path = DownImageController.xib; sourceTree = "<group>"; };
		48E1C71A27153EB700C24E0C /* WJCanvasItemView.m */ = {isa = PBXFileReference; fileEncoding = 4; lastKnownFileType = sourcecode.c.objc; path = WJCanvasItemView.m; sourceTree = "<group>"; };
		48E1C71B27153EB700C24E0C /* WJCanvasItemView.h */ = {isa = PBXFileReference; fileEncoding = 4; lastKnownFileType = sourcecode.c.h; path = WJCanvasItemView.h; sourceTree = "<group>"; };
		48E1C71E27153F2900C24E0C /* WJCanvasController.h */ = {isa = PBXFileReference; lastKnownFileType = sourcecode.c.h; path = WJCanvasController.h; sourceTree = "<group>"; };
		48E1C71F27153F2900C24E0C /* WJCanvasController.m */ = {isa = PBXFileReference; lastKnownFileType = sourcecode.c.objc; path = WJCanvasController.m; sourceTree = "<group>"; };
		48E1C72227153FEA00C24E0C /* Enlarge.png */ = {isa = PBXFileReference; lastKnownFileType = image.png; path = Enlarge.png; sourceTree = "<group>"; };
		48E1C72327153FEA00C24E0C /* Enlarge@2x.png */ = {isa = PBXFileReference; lastKnownFileType = image.png; path = "Enlarge@2x.png"; sourceTree = "<group>"; };
		48E1C72427153FEA00C24E0C /* Close@2x.png */ = {isa = PBXFileReference; lastKnownFileType = image.png; path = "Close@2x.png"; sourceTree = "<group>"; };
		48E1C72527153FEA00C24E0C /* Enlarge@3x.png */ = {isa = PBXFileReference; lastKnownFileType = image.png; path = "Enlarge@3x.png"; sourceTree = "<group>"; };
		48E1C72627153FEA00C24E0C /* Close.png */ = {isa = PBXFileReference; lastKnownFileType = image.png; path = Close.png; sourceTree = "<group>"; };
		48E1C72727153FEA00C24E0C /* b.png */ = {isa = PBXFileReference; lastKnownFileType = image.png; path = b.png; sourceTree = "<group>"; };
		48E1C72827153FEA00C24E0C /* a.png */ = {isa = PBXFileReference; lastKnownFileType = image.png; path = a.png; sourceTree = "<group>"; };
		48E1C72927153FEA00C24E0C /* Close@3x.png */ = {isa = PBXFileReference; lastKnownFileType = image.png; path = "Close@3x.png"; sourceTree = "<group>"; };
		638849E536C7CC3BA3EC8E35 /* Pods-testAAA.debug.xcconfig */ = {isa = PBXFileReference; includeInIndex = 1; lastKnownFileType = text.xcconfig; name = "Pods-testAAA.debug.xcconfig"; path = "Target Support Files/Pods-testAAA/Pods-testAAA.debug.xcconfig"; sourceTree = "<group>"; };
		6499DA29032B83F5042D6C78 /* libPods-testAAA.a */ = {isa = PBXFileReference; explicitFileType = archive.ar; includeInIndex = 0; path = "libPods-testAAA.a"; sourceTree = BUILT_PRODUCTS_DIR; };
		6CD28D302360E349526633F5 /* Pods-testAAA.release.xcconfig */ = {isa = PBXFileReference; includeInIndex = 1; lastKnownFileType = text.xcconfig; name = "Pods-testAAA.release.xcconfig"; path = "Target Support Files/Pods-testAAA/Pods-testAAA.release.xcconfig"; sourceTree = "<group>"; };
/* End PBXFileReference section */

/* Begin PBXFrameworksBuildPhase section */
		482AA46226EB3F65007BEC88 /* Frameworks */ = {
			isa = PBXFrameworksBuildPhase;
			buildActionMask = 2147483647;
			files = (
				84FF85E498A7F3E0851A6153 /* libPods-testAAA.a in Frameworks */,
			);
			runOnlyForDeploymentPostprocessing = 0;
		};
/* End PBXFrameworksBuildPhase section */

/* Begin PBXGroup section */
		0B26C35732DA647A1961ED88 /* Frameworks */ = {
			isa = PBXGroup;
			children = (
				6499DA29032B83F5042D6C78 /* libPods-testAAA.a */,
			);
			name = Frameworks;
			sourceTree = "<group>";
		};
		480ACE5E2718096200438021 /* images */ = {
			isa = PBXGroup;
			children = (
				480ACE652718145B00438021 /* 123.png */,
				483D78D12716CA8800431488 /* edit_save.png */,
				48E1C72827153FEA00C24E0C /* a.png */,
				48E1C72727153FEA00C24E0C /* b.png */,
				48E1C72627153FEA00C24E0C /* Close.png */,
				48E1C72427153FEA00C24E0C /* Close@2x.png */,
				48E1C72927153FEA00C24E0C /* Close@3x.png */,
				48E1C72227153FEA00C24E0C /* Enlarge.png */,
				48E1C72327153FEA00C24E0C /* Enlarge@2x.png */,
				48E1C72527153FEA00C24E0C /* Enlarge@3x.png */,
			);
			path = images;
			sourceTree = "<group>";
		};
		480ACE5F2718098300438021 /* Model */ = {
			isa = PBXGroup;
			children = (
				480ACE60271809DB00438021 /* WJCanvasItemModel.h */,
				480ACE61271809DB00438021 /* WJCanvasItemModel.m */,
			);
			path = Model;
			sourceTree = "<group>";
		};
		482AA45C26EB3F65007BEC88 = {
			isa = PBXGroup;
			children = (
				482AA46726EB3F65007BEC88 /* testAAA */,
				482AA46626EB3F65007BEC88 /* Products */,
				BE17F665FD721ACB87E26854 /* Pods */,
				0B26C35732DA647A1961ED88 /* Frameworks */,
			);
			sourceTree = "<group>";
		};
		482AA46626EB3F65007BEC88 /* Products */ = {
			isa = PBXGroup;
			children = (
				482AA46526EB3F65007BEC88 /* testAAA.app */,
			);
			name = Products;
			sourceTree = "<group>";
		};
		482AA46726EB3F65007BEC88 /* testAAA */ = {
			isa = PBXGroup;
			children = (
				483D78D72716D42300431488 /* Tool */,
				48E1C71927153EA400C24E0C /* ImageEdit */,
				48788AC726F5B964006FD072 /* FileList */,
				482AA48226EB3F89007BEC88 /* testAAA.entitlements */,
				482AA46826EB3F65007BEC88 /* AppDelegate.h */,
				482AA46926EB3F65007BEC88 /* AppDelegate.m */,
				482AA46B26EB3F65007BEC88 /* SceneDelegate.h */,
				482AA46C26EB3F65007BEC88 /* SceneDelegate.m */,
				482AA46E26EB3F65007BEC88 /* ViewController.h */,
				482AA46F26EB3F65007BEC88 /* ViewController.m */,
				484A988A26F0720400AA79D7 /* WJSpiderManager.h */,
				484A988B26F0720400AA79D7 /* WJSpiderManager.m */,
				484A989226F07FBA00AA79D7 /* WJFileManager.h */,
				484A989326F07FBA00AA79D7 /* WJFileManager.m */,
				484A988E26F079DD00AA79D7 /* UIImage+WJExt.h */,
				484A988F26F079DD00AA79D7 /* UIImage+WJExt.m */,
				48788AC926F5C193006FD072 /* MainTableViewController.h */,
				48788ACA26F5C193006FD072 /* MainTableViewController.m */,
				4899FC112705AEE6006F7F2E /* WebParse */,
				4899FBE4270590FB006F7F2E /* FileGroup */,
				48B660DA26F715FF002A8537 /* DownImage */,
				482AA47126EB3F65007BEC88 /* Main.storyboard */,
				482AA47426EB3F68007BEC88 /* Assets.xcassets */,
				482AA47626EB3F68007BEC88 /* LaunchScreen.storyboard */,
				482AA47926EB3F68007BEC88 /* Info.plist */,
				482AA47A26EB3F68007BEC88 /* main.m */,
			);
			path = testAAA;
			sourceTree = "<group>";
		};
		483D78D72716D42300431488 /* Tool */ = {
			isa = PBXGroup;
			children = (
				483D78D82716D42D00431488 /* UITextView+CMInputView.h */,
				483D78D92716D42D00431488 /* UITextView+CMInputView.m */,
			);
			path = Tool;
			sourceTree = "<group>";
		};
		48788AC726F5B964006FD072 /* FileList */ = {
			isa = PBXGroup;
			children = (
				48788AB926F593DD006FD072 /* FileListController.h */,
				48788ABA26F593DD006FD072 /* FileListController.m */,
				48788ABF26F5B92F006FD072 /* FileListCell.h */,
				48788AC026F5B92F006FD072 /* FileListCell.m */,
				48788AC326F5B957006FD072 /* FileListModel.h */,
				48788AC426F5B957006FD072 /* FileListModel.m */,
				48788ABB26F593DD006FD072 /* FileListController.xib */,
			);
			path = FileList;
			sourceTree = "<group>";
		};
		4899FBE4270590FB006F7F2E /* FileGroup */ = {
			isa = PBXGroup;
			children = (
				4899FBE5270591EB006F7F2E /* FileGroupController.h */,
				4899FBE6270591EB006F7F2E /* FileGroupController.m */,
				4899FBE7270591EB006F7F2E /* FileGroupController.xib */,
			);
			path = FileGroup;
			sourceTree = "<group>";
		};
		4899FC112705AEE6006F7F2E /* WebParse */ = {
			isa = PBXGroup;
			children = (
				4899FC172705AF61006F7F2E /* WebParseController.h */,
				4899FC182705AF61006F7F2E /* WebParseController.m */,
				4899FC192705AF61006F7F2E /* WebParseController.xib */,
			);
			path = WebParse;
			sourceTree = "<group>";
		};
		48B660DA26F715FF002A8537 /* DownImage */ = {
			isa = PBXGroup;
			children = (
				48B660DB26F718CA002A8537 /* DownImageController.h */,
				48B660DC26F718CA002A8537 /* DownImageController.m */,
				48B660DD26F718CA002A8537 /* DownImageController.xib */,
			);
			path = DownImage;
			sourceTree = "<group>";
		};
		48E1C71927153EA400C24E0C /* ImageEdit */ = {
			isa = PBXGroup;
			children = (
				480ACE5F2718098300438021 /* Model */,
				480ACE5E2718096200438021 /* images */,
				48E1C71B27153EB700C24E0C /* WJCanvasItemView.h */,
				48E1C71A27153EB700C24E0C /* WJCanvasItemView.m */,
				48E1C71E27153F2900C24E0C /* WJCanvasController.h */,
				48E1C71F27153F2900C24E0C /* WJCanvasController.m */,
				483D78A627168FD000431488 /* WJExtImageFileController.h */,
				483D78A727168FD000431488 /* WJExtImageFileController.m */,
				483D78AA2716AA0C00431488 /* WJExtImageFileCell.h */,
				483D78AB2716AA0C00431488 /* WJExtImageFileCell.m */,
				483D78CD2716C89C00431488 /* WJEditImageListController.h */,
				483D78CE2716C89C00431488 /* WJEditImageListController.m */,
				483D78E12716DA7500431488 /* WJEditImageInfoController.h */,
				483D78E22716DA7500431488 /* WJEditImageInfoController.m */,
				483D78E32716DA7500431488 /* WJEditImageInfoController.xib */,
			);
			path = ImageEdit;
			sourceTree = "<group>";
		};
		BE17F665FD721ACB87E26854 /* Pods */ = {
			isa = PBXGroup;
			children = (
				638849E536C7CC3BA3EC8E35 /* Pods-testAAA.debug.xcconfig */,
				6CD28D302360E349526633F5 /* Pods-testAAA.release.xcconfig */,
			);
			path = Pods;
			sourceTree = "<group>";
		};
/* End PBXGroup section */

/* Begin PBXNativeTarget section */
		482AA46426EB3F65007BEC88 /* testAAA */ = {
			isa = PBXNativeTarget;
			buildConfigurationList = 482AA47E26EB3F68007BEC88 /* Build configuration list for PBXNativeTarget "testAAA" */;
			buildPhases = (
				822D5851F4134B158DB8ABAA /* [CP] Check Pods Manifest.lock */,
				482AA46126EB3F65007BEC88 /* Sources */,
				482AA46226EB3F65007BEC88 /* Frameworks */,
				482AA46326EB3F65007BEC88 /* Resources */,
				AAE254FE52A17DB65B52C689 /* [CP] Copy Pods Resources */,
			);
			buildRules = (
			);
			dependencies = (
			);
			name = testAAA;
			productName = testAAA;
			productReference = 482AA46526EB3F65007BEC88 /* testAAA.app */;
			productType = "com.apple.product-type.application";
		};
/* End PBXNativeTarget section */

/* Begin PBXProject section */
		482AA45D26EB3F65007BEC88 /* Project object */ = {
			isa = PBXProject;
			attributes = {
				LastUpgradeCheck = 1210;
				TargetAttributes = {
					482AA46426EB3F65007BEC88 = {
						CreatedOnToolsVersion = 12.1;
					};
				};
			};
			buildConfigurationList = 482AA46026EB3F65007BEC88 /* Build configuration list for PBXProject "testAAA" */;
			compatibilityVersion = "Xcode 9.3";
			developmentRegion = en;
			hasScannedForEncodings = 0;
			knownRegions = (
				en,
				Base,
			);
			mainGroup = 482AA45C26EB3F65007BEC88;
			productRefGroup = 482AA46626EB3F65007BEC88 /* Products */;
			projectDirPath = "";
			projectRoot = "";
			targets = (
				482AA46426EB3F65007BEC88 /* testAAA */,
			);
		};
/* End PBXProject section */

/* Begin PBXResourcesBuildPhase section */
		482AA46326EB3F65007BEC88 /* Resources */ = {
			isa = PBXResourcesBuildPhase;
			buildActionMask = 2147483647;
			files = (
				48E1C73127153FEB00C24E0C /* Close@3x.png in Resources */,
				482AA47826EB3F68007BEC88 /* LaunchScreen.storyboard in Resources */,
				4899FBE9270591EB006F7F2E /* FileGroupController.xib in Resources */,
				482AA47526EB3F68007BEC88 /* Assets.xcassets in Resources */,
				483D78D22716CA8800431488 /* edit_save.png in Resources */,
				48E1C73027153FEB00C24E0C /* a.png in Resources */,
				482AA47326EB3F65007BEC88 /* Main.storyboard in Resources */,
				48E1C72A27153FEA00C24E0C /* Enlarge.png in Resources */,
				48E1C72C27153FEA00C24E0C /* Close@2x.png in Resources */,
				48B660DF26F718CB002A8537 /* DownImageController.xib in Resources */,
				48E1C72F27153FEB00C24E0C /* b.png in Resources */,
				4899FC1B2705AF61006F7F2E /* WebParseController.xib in Resources */,
				480ACE662718145C00438021 /* 123.png in Resources */,
				48E1C72D27153FEA00C24E0C /* Enlarge@3x.png in Resources */,
				483D78E52716DA7500431488 /* WJEditImageInfoController.xib in Resources */,
				48E1C72B27153FEA00C24E0C /* Enlarge@2x.png in Resources */,
				48E1C72E27153FEA00C24E0C /* Close.png in Resources */,
				48788ABD26F593DD006FD072 /* FileListController.xib in Resources */,
			);
			runOnlyForDeploymentPostprocessing = 0;
		};
/* End PBXResourcesBuildPhase section */

/* Begin PBXShellScriptBuildPhase section */
		822D5851F4134B158DB8ABAA /* [CP] Check Pods Manifest.lock */ = {
			isa = PBXShellScriptBuildPhase;
			buildActionMask = 2147483647;
			files = (
			);
			inputFileListPaths = (
			);
			inputPaths = (
				"${PODS_PODFILE_DIR_PATH}/Podfile.lock",
				"${PODS_ROOT}/Manifest.lock",
			);
			name = "[CP] Check Pods Manifest.lock";
			outputFileListPaths = (
			);
			outputPaths = (
				"$(DERIVED_FILE_DIR)/Pods-testAAA-checkManifestLockResult.txt",
			);
			runOnlyForDeploymentPostprocessing = 0;
			shellPath = /bin/sh;
			shellScript = "diff \"${PODS_PODFILE_DIR_PATH}/Podfile.lock\" \"${PODS_ROOT}/Manifest.lock\" > /dev/null\nif [ $? != 0 ] ; then\n    # print error to STDERR\n    echo \"error: The sandbox is not in sync with the Podfile.lock. Run 'pod install' or update your CocoaPods installation.\" >&2\n    exit 1\nfi\n# This output is used by Xcode 'outputs' to avoid re-running this script phase.\necho \"SUCCESS\" > \"${SCRIPT_OUTPUT_FILE_0}\"\n";
			showEnvVarsInLog = 0;
		};
		AAE254FE52A17DB65B52C689 /* [CP] Copy Pods Resources */ = {
			isa = PBXShellScriptBuildPhase;
			buildActionMask = 2147483647;
			files = (
			);
			inputFileListPaths = (
				"${PODS_ROOT}/Target Support Files/Pods-testAAA/Pods-testAAA-resources-${CONFIGURATION}-input-files.xcfilelist",
			);
			name = "[CP] Copy Pods Resources";
			outputFileListPaths = (
				"${PODS_ROOT}/Target Support Files/Pods-testAAA/Pods-testAAA-resources-${CONFIGURATION}-output-files.xcfilelist",
			);
			runOnlyForDeploymentPostprocessing = 0;
			shellPath = /bin/sh;
			shellScript = "\"${PODS_ROOT}/Target Support Files/Pods-testAAA/Pods-testAAA-resources.sh\"\n";
			showEnvVarsInLog = 0;
		};
/* End PBXShellScriptBuildPhase section */

/* Begin PBXSourcesBuildPhase section */
		482AA46126EB3F65007BEC88 /* Sources */ = {
			isa = PBXSourcesBuildPhase;
			buildActionMask = 2147483647;
			files = (
				48788ACB26F5C193006FD072 /* MainTableViewController.m in Sources */,
				483D78CF2716C89C00431488 /* WJEditImageListController.m in Sources */,
				484A988C26F0720400AA79D7 /* WJSpiderManager.m in Sources */,
				483D78AC2716AA0C00431488 /* WJExtImageFileCell.m in Sources */,
				4899FC1A2705AF61006F7F2E /* WebParseController.m in Sources */,
				484A989426F07FBA00AA79D7 /* WJFileManager.m in Sources */,
				483D78A827168FD100431488 /* WJExtImageFileController.m in Sources */,
				482AA47026EB3F65007BEC88 /* ViewController.m in Sources */,
				48788AC526F5B957006FD072 /* FileListModel.m in Sources */,
				484A989026F079DD00AA79D7 /* UIImage+WJExt.m in Sources */,
				48E1C71C27153EB700C24E0C /* WJCanvasItemView.m in Sources */,
				482AA46A26EB3F65007BEC88 /* AppDelegate.m in Sources */,
				48B660DE26F718CB002A8537 /* DownImageController.m in Sources */,
				48788AC126F5B92F006FD072 /* FileListCell.m in Sources */,
				482AA47B26EB3F68007BEC88 /* main.m in Sources */,
				483D78DA2716D42E00431488 /* UITextView+CMInputView.m in Sources */,
				4899FBE8270591EB006F7F2E /* FileGroupController.m in Sources */,
				48E1C72027153F2900C24E0C /* WJCanvasController.m in Sources */,
				482AA46D26EB3F65007BEC88 /* SceneDelegate.m in Sources */,
				483D78E42716DA7500431488 /* WJEditImageInfoController.m in Sources */,
				48788ABC26F593DD006FD072 /* FileListController.m in Sources */,
				480ACE62271809DB00438021 /* WJCanvasItemModel.m in Sources */,
			);
			runOnlyForDeploymentPostprocessing = 0;
		};
/* End PBXSourcesBuildPhase section */

/* Begin PBXVariantGroup section */
		482AA47126EB3F65007BEC88 /* Main.storyboard */ = {
			isa = PBXVariantGroup;
			children = (
				482AA47226EB3F65007BEC88 /* Base */,
			);
			name = Main.storyboard;
			sourceTree = "<group>";
		};
		482AA47626EB3F68007BEC88 /* LaunchScreen.storyboard */ = {
			isa = PBXVariantGroup;
			children = (
				482AA47726EB3F68007BEC88 /* Base */,
			);
			name = LaunchScreen.storyboard;
			sourceTree = "<group>";
		};
/* End PBXVariantGroup section */

/* Begin XCBuildConfiguration section */
		482AA47C26EB3F68007BEC88 /* Debug */ = {
			isa = XCBuildConfiguration;
			buildSettings = {
				ALWAYS_SEARCH_USER_PATHS = NO;
				CLANG_ANALYZER_NONNULL = YES;
				CLANG_ANALYZER_NUMBER_OBJECT_CONVERSION = YES_AGGRESSIVE;
				CLANG_CXX_LANGUAGE_STANDARD = "gnu++14";
				CLANG_CXX_LIBRARY = "libc++";
				CLANG_ENABLE_MODULES = YES;
				CLANG_ENABLE_OBJC_ARC = YES;
				CLANG_ENABLE_OBJC_WEAK = YES;
				CLANG_WARN_BLOCK_CAPTURE_AUTORELEASING = YES;
				CLANG_WARN_BOOL_CONVERSION = YES;
				CLANG_WARN_COMMA = YES;
				CLANG_WARN_CONSTANT_CONVERSION = YES;
				CLANG_WARN_DEPRECATED_OBJC_IMPLEMENTATIONS = YES;
				CLANG_WARN_DIRECT_OBJC_ISA_USAGE = YES_ERROR;
				CLANG_WARN_DOCUMENTATION_COMMENTS = YES;
				CLANG_WARN_EMPTY_BODY = YES;
				CLANG_WARN_ENUM_CONVERSION = YES;
				CLANG_WARN_INFINITE_RECURSION = YES;
				CLANG_WARN_INT_CONVERSION = YES;
				CLANG_WARN_NON_LITERAL_NULL_CONVERSION = YES;
				CLANG_WARN_OBJC_IMPLICIT_RETAIN_SELF = YES;
				CLANG_WARN_OBJC_LITERAL_CONVERSION = YES;
				CLANG_WARN_OBJC_ROOT_CLASS = YES_ERROR;
				CLANG_WARN_QUOTED_INCLUDE_IN_FRAMEWORK_HEADER = YES;
				CLANG_WARN_RANGE_LOOP_ANALYSIS = YES;
				CLANG_WARN_STRICT_PROTOTYPES = YES;
				CLANG_WARN_SUSPICIOUS_MOVE = YES;
				CLANG_WARN_UNGUARDED_AVAILABILITY = YES_AGGRESSIVE;
				CLANG_WARN_UNREACHABLE_CODE = YES;
				CLANG_WARN__DUPLICATE_METHOD_MATCH = YES;
				COPY_PHASE_STRIP = NO;
				DEBUG_INFORMATION_FORMAT = dwarf;
				ENABLE_STRICT_OBJC_MSGSEND = YES;
				ENABLE_TESTABILITY = YES;
				GCC_C_LANGUAGE_STANDARD = gnu11;
				GCC_DYNAMIC_NO_PIC = NO;
				GCC_NO_COMMON_BLOCKS = YES;
				GCC_OPTIMIZATION_LEVEL = 0;
				GCC_PREPROCESSOR_DEFINITIONS = (
					"DEBUG=1",
					"$(inherited)",
				);
				GCC_WARN_64_TO_32_BIT_CONVERSION = YES;
				GCC_WARN_ABOUT_RETURN_TYPE = YES_ERROR;
				GCC_WARN_UNDECLARED_SELECTOR = YES;
				GCC_WARN_UNINITIALIZED_AUTOS = YES_AGGRESSIVE;
				GCC_WARN_UNUSED_FUNCTION = YES;
				GCC_WARN_UNUSED_VARIABLE = YES;
				IPHONEOS_DEPLOYMENT_TARGET = 14.1;
				MTL_ENABLE_DEBUG_INFO = INCLUDE_SOURCE;
				MTL_FAST_MATH = YES;
				ONLY_ACTIVE_ARCH = YES;
				SDKROOT = iphoneos;
			};
			name = Debug;
		};
		482AA47D26EB3F68007BEC88 /* Release */ = {
			isa = XCBuildConfiguration;
			buildSettings = {
				ALWAYS_SEARCH_USER_PATHS = NO;
				CLANG_ANALYZER_NONNULL = YES;
				CLANG_ANALYZER_NUMBER_OBJECT_CONVERSION = YES_AGGRESSIVE;
				CLANG_CXX_LANGUAGE_STANDARD = "gnu++14";
				CLANG_CXX_LIBRARY = "libc++";
				CLANG_ENABLE_MODULES = YES;
				CLANG_ENABLE_OBJC_ARC = YES;
				CLANG_ENABLE_OBJC_WEAK = YES;
				CLANG_WARN_BLOCK_CAPTURE_AUTORELEASING = YES;
				CLANG_WARN_BOOL_CONVERSION = YES;
				CLANG_WARN_COMMA = YES;
				CLANG_WARN_CONSTANT_CONVERSION = YES;
				CLANG_WARN_DEPRECATED_OBJC_IMPLEMENTATIONS = YES;
				CLANG_WARN_DIRECT_OBJC_ISA_USAGE = YES_ERROR;
				CLANG_WARN_DOCUMENTATION_COMMENTS = YES;
				CLANG_WARN_EMPTY_BODY = YES;
				CLANG_WARN_ENUM_CONVERSION = YES;
				CLANG_WARN_INFINITE_RECURSION = YES;
				CLANG_WARN_INT_CONVERSION = YES;
				CLANG_WARN_NON_LITERAL_NULL_CONVERSION = YES;
				CLANG_WARN_OBJC_IMPLICIT_RETAIN_SELF = YES;
				CLANG_WARN_OBJC_LITERAL_CONVERSION = YES;
				CLANG_WARN_OBJC_ROOT_CLASS = YES_ERROR;
				CLANG_WARN_QUOTED_INCLUDE_IN_FRAMEWORK_HEADER = YES;
				CLANG_WARN_RANGE_LOOP_ANALYSIS = YES;
				CLANG_WARN_STRICT_PROTOTYPES = YES;
				CLANG_WARN_SUSPICIOUS_MOVE = YES;
				CLANG_WARN_UNGUARDED_AVAILABILITY = YES_AGGRESSIVE;
				CLANG_WARN_UNREACHABLE_CODE = YES;
				CLANG_WARN__DUPLICATE_METHOD_MATCH = YES;
				COPY_PHASE_STRIP = NO;
				DEBUG_INFORMATION_FORMAT = "dwarf-with-dsym";
				ENABLE_NS_ASSERTIONS = NO;
				ENABLE_STRICT_OBJC_MSGSEND = YES;
				GCC_C_LANGUAGE_STANDARD = gnu11;
				GCC_NO_COMMON_BLOCKS = YES;
				GCC_WARN_64_TO_32_BIT_CONVERSION = YES;
				GCC_WARN_ABOUT_RETURN_TYPE = YES_ERROR;
				GCC_WARN_UNDECLARED_SELECTOR = YES;
				GCC_WARN_UNINITIALIZED_AUTOS = YES_AGGRESSIVE;
				GCC_WARN_UNUSED_FUNCTION = YES;
				GCC_WARN_UNUSED_VARIABLE = YES;
				IPHONEOS_DEPLOYMENT_TARGET = 14.1;
				MTL_ENABLE_DEBUG_INFO = NO;
				MTL_FAST_MATH = YES;
				SDKROOT = iphoneos;
				VALIDATE_PRODUCT = YES;
			};
			name = Release;
		};
		482AA47F26EB3F68007BEC88 /* Debug */ = {
			isa = XCBuildConfiguration;
			baseConfigurationReference = 638849E536C7CC3BA3EC8E35 /* Pods-testAAA.debug.xcconfig */;
			buildSettings = {
				ASSETCATALOG_COMPILER_APPICON_NAME = AppIcon;
				ASSETCATALOG_COMPILER_GLOBAL_ACCENT_COLOR_NAME = AccentColor;
				CODE_SIGN_ENTITLEMENTS = testAAA/testAAA.entitlements;
				CODE_SIGN_STYLE = Automatic;
				DEVELOPMENT_TEAM = 5GFMWSR59V;
				INFOPLIST_FILE = testAAA/Info.plist;
				IPHONEOS_DEPLOYMENT_TARGET = 11.1;
				"IPHONEOS_DEPLOYMENT_TARGET[sdk=macosx*]" = 13.1;
				LD_RUNPATH_SEARCH_PATHS = (
					"$(inherited)",
					"@executable_path/Frameworks",
				);
				PRODUCT_BUNDLE_IDENTIFIER = com.tqhnet.testAAA;
				PRODUCT_NAME = "$(TARGET_NAME)";
				SUPPORTS_MACCATALYST = YES;
				TARGETED_DEVICE_FAMILY = "1,2";
			};
			name = Debug;
		};
		482AA48026EB3F68007BEC88 /* Release */ = {
			isa = XCBuildConfiguration;
			baseConfigurationReference = 6CD28D302360E349526633F5 /* Pods-testAAA.release.xcconfig */;
			buildSettings = {
				ASSETCATALOG_COMPILER_APPICON_NAME = AppIcon;
				ASSETCATALOG_COMPILER_GLOBAL_ACCENT_COLOR_NAME = AccentColor;
				CODE_SIGN_ENTITLEMENTS = testAAA/testAAA.entitlements;
				CODE_SIGN_STYLE = Automatic;
				DEVELOPMENT_TEAM = 5GFMWSR59V;
				INFOPLIST_FILE = testAAA/Info.plist;
				IPHONEOS_DEPLOYMENT_TARGET = 11.1;
				"IPHONEOS_DEPLOYMENT_TARGET[sdk=macosx*]" = 13.1;
				LD_RUNPATH_SEARCH_PATHS = (
					"$(inherited)",
					"@executable_path/Frameworks",
				);
				PRODUCT_BUNDLE_IDENTIFIER = com.tqhnet.testAAA;
				PRODUCT_NAME = "$(TARGET_NAME)";
				SUPPORTS_MACCATALYST = YES;
				TARGETED_DEVICE_FAMILY = "1,2";
			};
			name = Release;
		};
/* End XCBuildConfiguration section */

/* Begin XCConfigurationList section */
		482AA46026EB3F65007BEC88 /* Build configuration list for PBXProject "testAAA" */ = {
			isa = XCConfigurationList;
			buildConfigurations = (
				482AA47C26EB3F68007BEC88 /* Debug */,
				482AA47D26EB3F68007BEC88 /* Release */,
			);
			defaultConfigurationIsVisible = 0;
			defaultConfigurationName = Release;
		};
		482AA47E26EB3F68007BEC88 /* Build configuration list for PBXNativeTarget "testAAA" */ = {
			isa = XCConfigurationList;
			buildConfigurations = (
				482AA47F26EB3F68007BEC88 /* Debug */,
				482AA48026EB3F68007BEC88 /* Release */,
			);
			defaultConfigurationIsVisible = 0;
			defaultConfigurationName = Release;
		};
/* End XCConfigurationList section */
	};
	rootObject = 482AA45D26EB3F65007BEC88 /* Project object */;
}
